// !$*UTF8*$!
{
	archiveVersion = 1;
	classes = {
	};
	objectVersion = 56;
	objects = {

/* Begin PBXBuildFile section */
		795FFEC12A77E8B200516AFF /* ReservationView.swift in Sources */ = {isa = PBXBuildFile; fileRef = 795FFEC02A77E8B200516AFF /* ReservationView.swift */; };
		795FFEC32A77E9C000516AFF /* Reservation.swift in Sources */ = {isa = PBXBuildFile; fileRef = 795FFEC22A77E9C000516AFF /* Reservation.swift */; };
		795FFEC52A780FD300516AFF /* RestaurantView.swift in Sources */ = {isa = PBXBuildFile; fileRef = 795FFEC42A780FD300516AFF /* RestaurantView.swift */; };
		797EDFBD2A73229100F5AEB8 /* LittleLemonReservationApp.swift in Sources */ = {isa = PBXBuildFile; fileRef = 797EDFBC2A73229100F5AEB8 /* LittleLemonReservationApp.swift */; };
		797EDFC12A73229300F5AEB8 /* Assets.xcassets in Resources */ = {isa = PBXBuildFile; fileRef = 797EDFC02A73229300F5AEB8 /* Assets.xcassets */; };
		797EDFC52A73229300F5AEB8 /* Preview Assets.xcassets in Resources */ = {isa = PBXBuildFile; fileRef = 797EDFC42A73229300F5AEB8 /* Preview Assets.xcassets */; };
		797EDFCC2A73257C00F5AEB8 /* LocationsView.swift in Sources */ = {isa = PBXBuildFile; fileRef = 797EDFCB2A73257C00F5AEB8 /* LocationsView.swift */; };
		79B8FD6F2A73EF2400FEA458 /* LittleLemonLogo.swift in Sources */ = {isa = PBXBuildFile; fileRef = 79B8FD6E2A73EF2400FEA458 /* LittleLemonLogo.swift */; };
		79B8FD712A73F21B00FEA458 /* ReservationModel.swift in Sources */ = {isa = PBXBuildFile; fileRef = 79B8FD702A73F21B00FEA458 /* ReservationModel.swift */; };
		79B8FD732A74135400FEA458 /* ReservationFormView.swift in Sources */ = {isa = PBXBuildFile; fileRef = 79B8FD722A74135400FEA458 /* ReservationFormView.swift */; };
		79B8FD752A743D4600FEA458 /* MainView.swift in Sources */ = {isa = PBXBuildFile; fileRef = 79B8FD742A743D4600FEA458 /* MainView.swift */; };
		79B8FD7B2A75C1A400FEA458 /* RestaurantModel.swift in Sources */ = {isa = PBXBuildFile; fileRef = 79B8FD7A2A75C1A400FEA458 /* RestaurantModel.swift */; };
/* End PBXBuildFile section */

/* Begin PBXFileReference section */
		795FFEC02A77E8B200516AFF /* ReservationView.swift */ = {isa = PBXFileReference; lastKnownFileType = sourcecode.swift; path = ReservationView.swift; sourceTree = "<group>"; };
		795FFEC22A77E9C000516AFF /* Reservation.swift */ = {isa = PBXFileReference; lastKnownFileType = sourcecode.swift; path = Reservation.swift; sourceTree = "<group>"; };
		795FFEC42A780FD300516AFF /* RestaurantView.swift */ = {isa = PBXFileReference; lastKnownFileType = sourcecode.swift; path = RestaurantView.swift; sourceTree = "<group>"; };
		797EDFB92A73229100F5AEB8 /* LittleLemonReservation.app */ = {isa = PBXFileReference; explicitFileType = wrapper.application; includeInIndex = 0; path = LittleLemonReservation.app; sourceTree = BUILT_PRODUCTS_DIR; };
		797EDFBC2A73229100F5AEB8 /* LittleLemonReservationApp.swift */ = {isa = PBXFileReference; lastKnownFileType = sourcecode.swift; path = LittleLemonReservationApp.swift; sourceTree = "<group>"; };
		797EDFC02A73229300F5AEB8 /* Assets.xcassets */ = {isa = PBXFileReference; lastKnownFileType = folder.assetcatalog; path = Assets.xcassets; sourceTree = "<group>"; };
		797EDFC22A73229300F5AEB8 /* LittleLemonReservation.entitlements */ = {isa = PBXFileReference; lastKnownFileType = text.plist.entitlements; path = LittleLemonReservation.entitlements; sourceTree = "<group>"; };
		797EDFC42A73229300F5AEB8 /* Preview Assets.xcassets */ = {isa = PBXFileReference; lastKnownFileType = folder.assetcatalog; path = "Preview Assets.xcassets"; sourceTree = "<group>"; };
		797EDFCB2A73257C00F5AEB8 /* LocationsView.swift */ = {isa = PBXFileReference; lastKnownFileType = sourcecode.swift; path = LocationsView.swift; sourceTree = "<group>"; };
		79B8FD6E2A73EF2400FEA458 /* LittleLemonLogo.swift */ = {isa = PBXFileReference; lastKnownFileType = sourcecode.swift; path = LittleLemonLogo.swift; sourceTree = "<group>"; };
		79B8FD702A73F21B00FEA458 /* ReservationModel.swift */ = {isa = PBXFileReference; lastKnownFileType = sourcecode.swift; path = ReservationModel.swift; sourceTree = "<group>"; };
		79B8FD722A74135400FEA458 /* ReservationFormView.swift */ = {isa = PBXFileReference; lastKnownFileType = sourcecode.swift; path = ReservationFormView.swift; sourceTree = "<group>"; };
		79B8FD742A743D4600FEA458 /* MainView.swift */ = {isa = PBXFileReference; lastKnownFileType = sourcecode.swift; path = MainView.swift; sourceTree = "<group>"; };
		79B8FD7A2A75C1A400FEA458 /* RestaurantModel.swift */ = {isa = PBXFileReference; lastKnownFileType = sourcecode.swift; path = RestaurantModel.swift; sourceTree = "<group>"; };
/* End PBXFileReference section */

/* Begin PBXFrameworksBuildPhase section */
		797EDFB62A73229100F5AEB8 /* Frameworks */ = {
			isa = PBXFrameworksBuildPhase;
			buildActionMask = 2147483647;
			files = (
			);
			runOnlyForDeploymentPostprocessing = 0;
		};
/* End PBXFrameworksBuildPhase section */

/* Begin PBXGroup section */
		795FFEC62A7B175700516AFF /* Location */ = {
			isa = PBXGroup;
			children = (
				795FFEC42A780FD300516AFF /* RestaurantView.swift */,
				79B8FD722A74135400FEA458 /* ReservationFormView.swift */,
				797EDFCB2A73257C00F5AEB8 /* LocationsView.swift */,
			);
			path = Location;
			sourceTree = "<group>";
		};
		795FFEC72A7B176900516AFF /* Reservation */ = {
			isa = PBXGroup;
			children = (
				795FFEC02A77E8B200516AFF /* ReservationView.swift */,
			);
			path = Reservation;
			sourceTree = "<group>";
		};
		795FFEC82A7B17D100516AFF /* Models */ = {
			isa = PBXGroup;
			children = (
				79B8FD702A73F21B00FEA458 /* ReservationModel.swift */,
				79B8FD7A2A75C1A400FEA458 /* RestaurantModel.swift */,
				795FFEC22A77E9C000516AFF /* Reservation.swift */,
			);
			path = Models;
			sourceTree = "<group>";
		};
		797EDFB02A73229100F5AEB8 = {
			isa = PBXGroup;
			children = (
				797EDFBB2A73229100F5AEB8 /* LittleLemonReservation */,
				797EDFBA2A73229100F5AEB8 /* Products */,
			);
			sourceTree = "<group>";
		};
		797EDFBA2A73229100F5AEB8 /* Products */ = {
			isa = PBXGroup;
			children = (
				797EDFB92A73229100F5AEB8 /* LittleLemonReservation.app */,
			);
			name = Products;
			sourceTree = "<group>";
		};
		797EDFBB2A73229100F5AEB8 /* LittleLemonReservation */ = {
			isa = PBXGroup;
			children = (
				795FFEC82A7B17D100516AFF /* Models */,
				795FFEC72A7B176900516AFF /* Reservation */,
				795FFEC62A7B175700516AFF /* Location */,
				797EDFBC2A73229100F5AEB8 /* LittleLemonReservationApp.swift */,
				79B8FD742A743D4600FEA458 /* MainView.swift */,
				79B8FD6E2A73EF2400FEA458 /* LittleLemonLogo.swift */,
				797EDFC02A73229300F5AEB8 /* Assets.xcassets */,
				797EDFC22A73229300F5AEB8 /* LittleLemonReservation.entitlements */,
				797EDFC32A73229300F5AEB8 /* Preview Content */,
			);
			path = LittleLemonReservation;
			sourceTree = "<group>";
		};
		797EDFC32A73229300F5AEB8 /* Preview Content */ = {
			isa = PBXGroup;
			children = (
				797EDFC42A73229300F5AEB8 /* Preview Assets.xcassets */,
			);
			path = "Preview Content";
			sourceTree = "<group>";
		};
/* End PBXGroup section */

/* Begin PBXNativeTarget section */
		797EDFB82A73229100F5AEB8 /* LittleLemonReservation */ = {
			isa = PBXNativeTarget;
			buildConfigurationList = 797EDFC82A73229300F5AEB8 /* Build configuration list for PBXNativeTarget "LittleLemonReservation" */;
			buildPhases = (
				797EDFB52A73229100F5AEB8 /* Sources */,
				797EDFB62A73229100F5AEB8 /* Frameworks */,
				797EDFB72A73229100F5AEB8 /* Resources */,
			);
			buildRules = (
			);
			dependencies = (
			);
			name = LittleLemonReservation;
			productName = LittleLemonReservation;
			productReference = 797EDFB92A73229100F5AEB8 /* LittleLemonReservation.app */;
			productType = "com.apple.product-type.application";
		};
/* End PBXNativeTarget section */

/* Begin PBXProject section */
		797EDFB12A73229100F5AEB8 /* Project object */ = {
			isa = PBXProject;
			attributes = {
				BuildIndependentTargetsInParallel = 1;
				LastSwiftUpdateCheck = 1410;
				LastUpgradeCheck = 1410;
				TargetAttributes = {
					797EDFB82A73229100F5AEB8 = {
						CreatedOnToolsVersion = 14.1;
					};
				};
			};
			buildConfigurationList = 797EDFB42A73229100F5AEB8 /* Build configuration list for PBXProject "LittleLemonReservation" */;
			compatibilityVersion = "Xcode 14.0";
			developmentRegion = en;
			hasScannedForEncodings = 0;
			knownRegions = (
				en,
				Base,
			);
			mainGroup = 797EDFB02A73229100F5AEB8;
			productRefGroup = 797EDFBA2A73229100F5AEB8 /* Products */;
			projectDirPath = "";
			projectRoot = "";
			targets = (
				797EDFB82A73229100F5AEB8 /* LittleLemonReservation */,
			);
		};
/* End PBXProject section */

/* Begin PBXResourcesBuildPhase section */
		797EDFB72A73229100F5AEB8 /* Resources */ = {
			isa = PBXResourcesBuildPhase;
			buildActionMask = 2147483647;
			files = (
				797EDFC52A73229300F5AEB8 /* Preview Assets.xcassets in Resources */,
				797EDFC12A73229300F5AEB8 /* Assets.xcassets in Resources */,
			);
			runOnlyForDeploymentPostprocessing = 0;
		};
/* End PBXResourcesBuildPhase section */

/* Begin PBXSourcesBuildPhase section */
		797EDFB52A73229100F5AEB8 /* Sources */ = {
			isa = PBXSourcesBuildPhase;
			buildActionMask = 2147483647;
			files = (
				797EDFCC2A73257C00F5AEB8 /* LocationsView.swift in Sources */,
				79B8FD752A743D4600FEA458 /* MainView.swift in Sources */,
				795FFEC52A780FD300516AFF /* RestaurantView.swift in Sources */,
				79B8FD712A73F21B00FEA458 /* ReservationModel.swift in Sources */,
				795FFEC32A77E9C000516AFF /* Reservation.swift in Sources */,
				79B8FD6F2A73EF2400FEA458 /* LittleLemonLogo.swift in Sources */,
				797EDFBD2A73229100F5AEB8 /* LittleLemonReservationApp.swift in Sources */,
				795FFEC12A77E8B200516AFF /* ReservationView.swift in Sources */,
				79B8FD732A74135400FEA458 /* ReservationFormView.swift in Sources */,
				79B8FD7B2A75C1A400FEA458 /* RestaurantModel.swift in Sources */,
			);
			runOnlyForDeploymentPostprocessing = 0;
		};
/* End PBXSourcesBuildPhase section */

/* Begin XCBuildConfiguration section */
		797EDFC62A73229300F5AEB8 /* Debug */ = {
			isa = XCBuildConfiguration;
			buildSettings = {
				ALWAYS_SEARCH_USER_PATHS = NO;
				CLANG_ANALYZER_NONNULL = YES;
				CLANG_ANALYZER_NUMBER_OBJECT_CONVERSION = YES_AGGRESSIVE;
				CLANG_CXX_LANGUAGE_STANDARD = "gnu++20";
				CLANG_ENABLE_MODULES = YES;
				CLANG_ENABLE_OBJC_ARC = YES;
				CLANG_ENABLE_OBJC_WEAK = YES;
				CLANG_WARN_BLOCK_CAPTURE_AUTORELEASING = YES;
				CLANG_WARN_BOOL_CONVERSION = YES;
				CLANG_WARN_COMMA = YES;
				CLANG_WARN_CONSTANT_CONVERSION = YES;
				CLANG_WARN_DEPRECATED_OBJC_IMPLEMENTATIONS = YES;
				CLANG_WARN_DIRECT_OBJC_ISA_USAGE = YES_ERROR;
				CLANG_WARN_DOCUMENTATION_COMMENTS = YES;
				CLANG_WARN_EMPTY_BODY = YES;
				CLANG_WARN_ENUM_CONVERSION = YES;
				CLANG_WARN_INFINITE_RECURSION = YES;
				CLANG_WARN_INT_CONVERSION = YES;
				CLANG_WARN_NON_LITERAL_NULL_CONVERSION = YES;
				CLANG_WARN_OBJC_IMPLICIT_RETAIN_SELF = YES;
				CLANG_WARN_OBJC_LITERAL_CONVERSION = YES;
				CLANG_WARN_OBJC_ROOT_CLASS = YES_ERROR;
				CLANG_WARN_QUOTED_INCLUDE_IN_FRAMEWORK_HEADER = YES;
				CLANG_WARN_RANGE_LOOP_ANALYSIS = YES;
				CLANG_WARN_STRICT_PROTOTYPES = YES;
				CLANG_WARN_SUSPICIOUS_MOVE = YES;
				CLANG_WARN_UNGUARDED_AVAILABILITY = YES_AGGRESSIVE;
				CLANG_WARN_UNREACHABLE_CODE = YES;
				CLANG_WARN__DUPLICATE_METHOD_MATCH = YES;
				COPY_PHASE_STRIP = NO;
				DEBUG_INFORMATION_FORMAT = dwarf;
				ENABLE_STRICT_OBJC_MSGSEND = YES;
				ENABLE_TESTABILITY = YES;
				GCC_C_LANGUAGE_STANDARD = gnu11;
				GCC_DYNAMIC_NO_PIC = NO;
				GCC_NO_COMMON_BLOCKS = YES;
				GCC_OPTIMIZATION_LEVEL = 0;
				GCC_PREPROCESSOR_DEFINITIONS = (
					"DEBUG=1",
					"$(inherited)",
				);
				GCC_WARN_64_TO_32_BIT_CONVERSION = YES;
				GCC_WARN_ABOUT_RETURN_TYPE = YES_ERROR;
				GCC_WARN_UNDECLARED_SELECTOR = YES;
				GCC_WARN_UNINITIALIZED_AUTOS = YES_AGGRESSIVE;
				GCC_WARN_UNUSED_FUNCTION = YES;
				GCC_WARN_UNUSED_VARIABLE = YES;
				MTL_ENABLE_DEBUG_INFO = INCLUDE_SOURCE;
				MTL_FAST_MATH = YES;
				ONLY_ACTIVE_ARCH = YES;
				SWIFT_ACTIVE_COMPILATION_CONDITIONS = DEBUG;
				SWIFT_OPTIMIZATION_LEVEL = "-Onone";
			};
			name = Debug;
		};
		797EDFC72A73229300F5AEB8 /* Release */ = {
			isa = XCBuildConfiguration;
			buildSettings = {
				ALWAYS_SEARCH_USER_PATHS = NO;
				CLANG_ANALYZER_NONNULL = YES;
				CLANG_ANALYZER_NUMBER_OBJECT_CONVERSION = YES_AGGRESSIVE;
				CLANG_CXX_LANGUAGE_STANDARD = "gnu++20";
				CLANG_ENABLE_MODULES = YES;
				CLANG_ENABLE_OBJC_ARC = YES;
				CLANG_ENABLE_OBJC_WEAK = YES;
				CLANG_WARN_BLOCK_CAPTURE_AUTORELEASING = YES;
				CLANG_WARN_BOOL_CONVERSION = YES;
				CLANG_WARN_COMMA = YES;
				CLANG_WARN_CONSTANT_CONVERSION = YES;
				CLANG_WARN_DEPRECATED_OBJC_IMPLEMENTATIONS = YES;
				CLANG_WARN_DIRECT_OBJC_ISA_USAGE = YES_ERROR;
				CLANG_WARN_DOCUMENTATION_COMMENTS = YES;
				CLANG_WARN_EMPTY_BODY = YES;
				CLANG_WARN_ENUM_CONVERSION = YES;
				CLANG_WARN_INFINITE_RECURSION = YES;
				CLANG_WARN_INT_CONVERSION = YES;
				CLANG_WARN_NON_LITERAL_NULL_CONVERSION = YES;
				CLANG_WARN_OBJC_IMPLICIT_RETAIN_SELF = YES;
				CLANG_WARN_OBJC_LITERAL_CONVERSION = YES;
				CLANG_WARN_OBJC_ROOT_CLASS = YES_ERROR;
				CLANG_WARN_QUOTED_INCLUDE_IN_FRAMEWORK_HEADER = YES;
				CLANG_WARN_RANGE_LOOP_ANALYSIS = YES;
				CLANG_WARN_STRICT_PROTOTYPES = YES;
				CLANG_WARN_SUSPICIOUS_MOVE = YES;
				CLANG_WARN_UNGUARDED_AVAILABILITY = YES_AGGRESSIVE;
				CLANG_WARN_UNREACHABLE_CODE = YES;
				CLANG_WARN__DUPLICATE_METHOD_MATCH = YES;
				COPY_PHASE_STRIP = NO;
				DEBUG_INFORMATION_FORMAT = "dwarf-with-dsym";
				ENABLE_NS_ASSERTIONS = NO;
				ENABLE_STRICT_OBJC_MSGSEND = YES;
				GCC_C_LANGUAGE_STANDARD = gnu11;
				GCC_NO_COMMON_BLOCKS = YES;
				GCC_WARN_64_TO_32_BIT_CONVERSION = YES;
				GCC_WARN_ABOUT_RETURN_TYPE = YES_ERROR;
				GCC_WARN_UNDECLARED_SELECTOR = YES;
				GCC_WARN_UNINITIALIZED_AUTOS = YES_AGGRESSIVE;
				GCC_WARN_UNUSED_FUNCTION = YES;
				GCC_WARN_UNUSED_VARIABLE = YES;
				MTL_ENABLE_DEBUG_INFO = NO;
				MTL_FAST_MATH = YES;
				SWIFT_COMPILATION_MODE = wholemodule;
				SWIFT_OPTIMIZATION_LEVEL = "-O";
			};
			name = Release;
		};
		797EDFC92A73229300F5AEB8 /* Debug */ = {
			isa = XCBuildConfiguration;
			buildSettings = {
				ASSETCATALOG_COMPILER_APPICON_NAME = AppIcon;
				ASSETCATALOG_COMPILER_GLOBAL_ACCENT_COLOR_NAME = AccentColor;
				CODE_SIGN_ENTITLEMENTS = LittleLemonReservation/LittleLemonReservation.entitlements;
				CODE_SIGN_STYLE = Automatic;
				CURRENT_PROJECT_VERSION = 1;
				DEVELOPMENT_ASSET_PATHS = "\"LittleLemonReservation/Preview Content\"";
				ENABLE_PREVIEWS = YES;
				GENERATE_INFOPLIST_FILE = YES;
				"INFOPLIST_KEY_UIApplicationSceneManifest_Generation[sdk=iphoneos*]" = YES;
				"INFOPLIST_KEY_UIApplicationSceneManifest_Generation[sdk=iphonesimulator*]" = YES;
				"INFOPLIST_KEY_UIApplicationSupportsIndirectInputEvents[sdk=iphoneos*]" = YES;
				"INFOPLIST_KEY_UIApplicationSupportsIndirectInputEvents[sdk=iphonesimulator*]" = YES;
				"INFOPLIST_KEY_UILaunchScreen_Generation[sdk=iphoneos*]" = YES;
				"INFOPLIST_KEY_UILaunchScreen_Generation[sdk=iphonesimulator*]" = YES;
				"INFOPLIST_KEY_UIStatusBarStyle[sdk=iphoneos*]" = UIStatusBarStyleDefault;
				"INFOPLIST_KEY_UIStatusBarStyle[sdk=iphonesimulator*]" = UIStatusBarStyleDefault;
				INFOPLIST_KEY_UISupportedInterfaceOrientations_iPad = "UIInterfaceOrientationPortrait UIInterfaceOrientationPortraitUpsideDown UIInterfaceOrientationLandscapeLeft UIInterfaceOrientationLandscapeRight";
				INFOPLIST_KEY_UISupportedInterfaceOrientations_iPhone = "UIInterfaceOrientationPortrait UIInterfaceOrientationLandscapeLeft UIInterfaceOrientationLandscapeRight";
				IPHONEOS_DEPLOYMENT_TARGET = 16.1;
				LD_RUNPATH_SEARCH_PATHS = "@executable_path/Frameworks";
				"LD_RUNPATH_SEARCH_PATHS[sdk=macosx*]" = "@executable_path/../Frameworks";
				MACOSX_DEPLOYMENT_TARGET = 13.0;
				MARKETING_VERSION = 1.0;
				PRODUCT_BUNDLE_IDENTIFIER = littlelemon.LittleLemonReservation;
				PRODUCT_NAME = "$(TARGET_NAME)";
				SDKROOT = auto;
				SUPPORTED_PLATFORMS = "iphoneos iphonesimulator macosx";
				SWIFT_EMIT_LOC_STRINGS = YES;
				SWIFT_VERSION = 5.0;
				TARGETED_DEVICE_FAMILY = "1,2";
			};
			name = Debug;
		};
		797EDFCA2A73229300F5AEB8 /* Release */ = {
			isa = XCBuildConfiguration;
			buildSettings = {
				ASSETCATALOG_COMPILER_APPICON_NAME = AppIcon;
				ASSETCATALOG_COMPILER_GLOBAL_ACCENT_COLOR_NAME = AccentColor;
				CODE_SIGN_ENTITLEMENTS = LittleLemonReservation/LittleLemonReservation.entitlements;
				CODE_SIGN_STYLE = Automatic;
				CURRENT_PROJECT_VERSION = 1;
				DEVELOPMENT_ASSET_PATHS = "\"LittleLemonReservation/Preview Content\"";
				ENABLE_PREVIEWS = YES;
				GENERATE_INFOPLIST_FILE = YES;
				"INFOPLIST_KEY_UIApplicationSceneManifest_Generation[sdk=iphoneos*]" = YES;
				"INFOPLIST_KEY_UIApplicationSceneManifest_Generation[sdk=iphonesimulator*]" = YES;
				"INFOPLIST_KEY_UIApplicationSupportsIndirectInputEvents[sdk=iphoneos*]" = YES;
				"INFOPLIST_KEY_UIApplicationSupportsIndirectInputEvents[sdk=iphonesimulator*]" = YES;
				"INFOPLIST_KEY_UILaunchScreen_Generation[sdk=iphoneos*]" = YES;
				"INFOPLIST_KEY_UILaunchScreen_Generation[sdk=iphonesimulator*]" = YES;
				"INFOPLIST_KEY_UIStatusBarStyle[sdk=iphoneos*]" = UIStatusBarStyleDefault;
				"INFOPLIST_KEY_UIStatusBarStyle[sdk=iphonesimulator*]" = UIStatusBarStyleDefault;
				INFOPLIST_KEY_UISupportedInterfaceOrientations_iPad = "UIInterfaceOrientationPortrait UIInterfaceOrientationPortraitUpsideDown UIInterfaceOrientationLandscapeLeft UIInterfaceOrientationLandscapeRight";
				INFOPLIST_KEY_UISupportedInterfaceOrientations_iPhone = "UIInterfaceOrientationPortrait UIInterfaceOrientationLandscapeLeft UIInterfaceOrientationLandscapeRight";
				IPHONEOS_DEPLOYMENT_TARGET = 16.1;
				LD_RUNPATH_SEARCH_PATHS = "@executable_path/Frameworks";
				"LD_RUNPATH_SEARCH_PATHS[sdk=macosx*]" = "@executable_path/../Frameworks";
				MACOSX_DEPLOYMENT_TARGET = 13.0;
				MARKETING_VERSION = 1.0;
				PRODUCT_BUNDLE_IDENTIFIER = littlelemon.LittleLemonReservation;
				PRODUCT_NAME = "$(TARGET_NAME)";
				SDKROOT = auto;
				SUPPORTED_PLATFORMS = "iphoneos iphonesimulator macosx";
				SWIFT_EMIT_LOC_STRINGS = YES;
				SWIFT_VERSION = 5.0;
				TARGETED_DEVICE_FAMILY = "1,2";
			};
			name = Release;
		};
/* End XCBuildConfiguration section */

/* Begin XCConfigurationList section */
		797EDFB42A73229100F5AEB8 /* Build configuration list for PBXProject "LittleLemonReservation" */ = {
			isa = XCConfigurationList;
			buildConfigurations = (
				797EDFC62A73229300F5AEB8 /* Debug */,
				797EDFC72A73229300F5AEB8 /* Release */,
			);
			defaultConfigurationIsVisible = 0;
			defaultConfigurationName = Release;
		};
		797EDFC82A73229300F5AEB8 /* Build configuration list for PBXNativeTarget "LittleLemonReservation" */ = {
			isa = XCConfigurationList;
			buildConfigurations = (
				797EDFC92A73229300F5AEB8 /* Debug */,
				797EDFCA2A73229300F5AEB8 /* Release */,
			);
			defaultConfigurationIsVisible = 0;
			defaultConfigurationName = Release;
		};
/* End XCConfigurationList section */
	};
	rootObject = 797EDFB12A73229100F5AEB8 /* Project object */;
}
